// !$*UTF8*$!
{
	archiveVersion = 1;
	classes = {
	};
	objectVersion = 50;
	objects = {

/* Begin PBXBuildFile section */
		3F747E1A2343A0DD00C43168 /* AppDelegate.swift in Sources */ = {isa = PBXBuildFile; fileRef = 3F747E192343A0DD00C43168 /* AppDelegate.swift */; };
		3F747E1C2343A0DD00C43168 /* SceneDelegate.swift in Sources */ = {isa = PBXBuildFile; fileRef = 3F747E1B2343A0DD00C43168 /* SceneDelegate.swift */; };
		3F747E1E2343A0DD00C43168 /* ViewController.swift in Sources */ = {isa = PBXBuildFile; fileRef = 3F747E1D2343A0DD00C43168 /* ViewController.swift */; };
		3F747E212343A0DD00C43168 /* Main.storyboard in Resources */ = {isa = PBXBuildFile; fileRef = 3F747E1F2343A0DD00C43168 /* Main.storyboard */; };
		3F747E232343A0E200C43168 /* Assets.xcassets in Resources */ = {isa = PBXBuildFile; fileRef = 3F747E222343A0E200C43168 /* Assets.xcassets */; };
		3F747E262343A0E200C43168 /* LaunchScreen.storyboard in Resources */ = {isa = PBXBuildFile; fileRef = 3F747E242343A0E200C43168 /* LaunchScreen.storyboard */; };
		3F747E312343A0E300C43168 /* Pushup_TrackerTests.swift in Sources */ = {isa = PBXBuildFile; fileRef = 3F747E302343A0E300C43168 /* Pushup_TrackerTests.swift */; };
		3F747E3C2343A0E300C43168 /* Pushup_TrackerUITests.swift in Sources */ = {isa = PBXBuildFile; fileRef = 3F747E3B2343A0E300C43168 /* Pushup_TrackerUITests.swift */; };
/* End PBXBuildFile section */

/* Begin PBXContainerItemProxy section */
		3F747E2D2343A0E300C43168 /* PBXContainerItemProxy */ = {
			isa = PBXContainerItemProxy;
			containerPortal = 3F747E0E2343A0DD00C43168 /* Project object */;
			proxyType = 1;
			remoteGlobalIDString = 3F747E152343A0DD00C43168;
			remoteInfo = "Pushup Tracker";
		};
		3F747E382343A0E300C43168 /* PBXContainerItemProxy */ = {
			isa = PBXContainerItemProxy;
			containerPortal = 3F747E0E2343A0DD00C43168 /* Project object */;
			proxyType = 1;
			remoteGlobalIDString = 3F747E152343A0DD00C43168;
			remoteInfo = "Pushup Tracker";
		};
/* End PBXContainerItemProxy section */

/* Begin PBXFileReference section */
		3F747E162343A0DD00C43168 /* Pushup Tracker.app */ = {isa = PBXFileReference; explicitFileType = wrapper.application; includeInIndex = 0; path = "Pushup Tracker.app"; sourceTree = BUILT_PRODUCTS_DIR; };
		3F747E192343A0DD00C43168 /* AppDelegate.swift */ = {isa = PBXFileReference; lastKnownFileType = sourcecode.swift; path = AppDelegate.swift; sourceTree = "<group>"; };
		3F747E1B2343A0DD00C43168 /* SceneDelegate.swift */ = {isa = PBXFileReference; lastKnownFileType = sourcecode.swift; path = SceneDelegate.swift; sourceTree = "<group>"; };
		3F747E1D2343A0DD00C43168 /* ViewController.swift */ = {isa = PBXFileReference; lastKnownFileType = sourcecode.swift; path = ViewController.swift; sourceTree = "<group>"; };
		3F747E202343A0DD00C43168 /* Base */ = {isa = PBXFileReference; lastKnownFileType = file.storyboard; name = Base; path = Base.lproj/Main.storyboard; sourceTree = "<group>"; };
		3F747E222343A0E200C43168 /* Assets.xcassets */ = {isa = PBXFileReference; lastKnownFileType = folder.assetcatalog; path = Assets.xcassets; sourceTree = "<group>"; };
		3F747E252343A0E200C43168 /* Base */ = {isa = PBXFileReference; lastKnownFileType = file.storyboard; name = Base; path = Base.lproj/LaunchScreen.storyboard; sourceTree = "<group>"; };
		3F747E272343A0E200C43168 /* Info.plist */ = {isa = PBXFileReference; lastKnownFileType = text.plist.xml; path = Info.plist; sourceTree = "<group>"; };
		3F747E2C2343A0E300C43168 /* Pushup TrackerTests.xctest */ = {isa = PBXFileReference; explicitFileType = wrapper.cfbundle; includeInIndex = 0; path = "Pushup TrackerTests.xctest"; sourceTree = BUILT_PRODUCTS_DIR; };
		3F747E302343A0E300C43168 /* Pushup_TrackerTests.swift */ = {isa = PBXFileReference; lastKnownFileType = sourcecode.swift; path = Pushup_TrackerTests.swift; sourceTree = "<group>"; };
		3F747E322343A0E300C43168 /* Info.plist */ = {isa = PBXFileReference; lastKnownFileType = text.plist.xml; path = Info.plist; sourceTree = "<group>"; };
		3F747E372343A0E300C43168 /* Pushup TrackerUITests.xctest */ = {isa = PBXFileReference; explicitFileType = wrapper.cfbundle; includeInIndex = 0; path = "Pushup TrackerUITests.xctest"; sourceTree = BUILT_PRODUCTS_DIR; };
		3F747E3B2343A0E300C43168 /* Pushup_TrackerUITests.swift */ = {isa = PBXFileReference; lastKnownFileType = sourcecode.swift; path = Pushup_TrackerUITests.swift; sourceTree = "<group>"; };
		3F747E3D2343A0E300C43168 /* Info.plist */ = {isa = PBXFileReference; lastKnownFileType = text.plist.xml; path = Info.plist; sourceTree = "<group>"; };
/* End PBXFileReference section */

/* Begin PBXFrameworksBuildPhase section */
		3F747E132343A0DD00C43168 /* Frameworks */ = {
			isa = PBXFrameworksBuildPhase;
			buildActionMask = 2147483647;
			files = (
			);
			runOnlyForDeploymentPostprocessing = 0;
		};
		3F747E292343A0E300C43168 /* Frameworks */ = {
			isa = PBXFrameworksBuildPhase;
			buildActionMask = 2147483647;
			files = (
			);
			runOnlyForDeploymentPostprocessing = 0;
		};
		3F747E342343A0E300C43168 /* Frameworks */ = {
			isa = PBXFrameworksBuildPhase;
			buildActionMask = 2147483647;
			files = (
			);
			runOnlyForDeploymentPostprocessing = 0;
		};
/* End PBXFrameworksBuildPhase section */

/* Begin PBXGroup section */
		3F747E0D2343A0DD00C43168 = {
			isa = PBXGroup;
			children = (
				3F747E182343A0DD00C43168 /* Pushup Tracker */,
				3F747E2F2343A0E300C43168 /* Pushup TrackerTests */,
				3F747E3A2343A0E300C43168 /* Pushup TrackerUITests */,
				3F747E172343A0DD00C43168 /* Products */,
			);
			sourceTree = "<group>";
		};
		3F747E172343A0DD00C43168 /* Products */ = {
			isa = PBXGroup;
			children = (
				3F747E162343A0DD00C43168 /* Pushup Tracker.app */,
				3F747E2C2343A0E300C43168 /* Pushup TrackerTests.xctest */,
				3F747E372343A0E300C43168 /* Pushup TrackerUITests.xctest */,
			);
			name = Products;
			sourceTree = "<group>";
		};
		3F747E182343A0DD00C43168 /* Pushup Tracker */ = {
			isa = PBXGroup;
			children = (
				3F747E192343A0DD00C43168 /* AppDelegate.swift */,
				3F747E1B2343A0DD00C43168 /* SceneDelegate.swift */,
				3F747E1D2343A0DD00C43168 /* ViewController.swift */,
				3F747E1F2343A0DD00C43168 /* Main.storyboard */,
				3F747E222343A0E200C43168 /* Assets.xcassets */,
				3F747E242343A0E200C43168 /* LaunchScreen.storyboard */,
				3F747E272343A0E200C43168 /* Info.plist */,
			);
			path = "Pushup Tracker";
			sourceTree = "<group>";
		};
		3F747E2F2343A0E300C43168 /* Pushup TrackerTests */ = {
			isa = PBXGroup;
			children = (
				3F747E302343A0E300C43168 /* Pushup_TrackerTests.swift */,
				3F747E322343A0E300C43168 /* Info.plist */,
			);
			path = "Pushup TrackerTests";
			sourceTree = "<group>";
		};
		3F747E3A2343A0E300C43168 /* Pushup TrackerUITests */ = {
			isa = PBXGroup;
			children = (
				3F747E3B2343A0E300C43168 /* Pushup_TrackerUITests.swift */,
				3F747E3D2343A0E300C43168 /* Info.plist */,
			);
			path = "Pushup TrackerUITests";
			sourceTree = "<group>";
		};
/* End PBXGroup section */

/* Begin PBXNativeTarget section */
		3F747E152343A0DD00C43168 /* Pushup Tracker */ = {
			isa = PBXNativeTarget;
			buildConfigurationList = 3F747E402343A0E300C43168 /* Build configuration list for PBXNativeTarget "Pushup Tracker" */;
			buildPhases = (
				3F747E122343A0DD00C43168 /* Sources */,
				3F747E132343A0DD00C43168 /* Frameworks */,
				3F747E142343A0DD00C43168 /* Resources */,
			);
			buildRules = (
			);
			dependencies = (
			);
			name = "Pushup Tracker";
			productName = "Pushup Tracker";
			productReference = 3F747E162343A0DD00C43168 /* Pushup Tracker.app */;
			productType = "com.apple.product-type.application";
		};
		3F747E2B2343A0E300C43168 /* Pushup TrackerTests */ = {
			isa = PBXNativeTarget;
			buildConfigurationList = 3F747E432343A0E300C43168 /* Build configuration list for PBXNativeTarget "Pushup TrackerTests" */;
			buildPhases = (
				3F747E282343A0E300C43168 /* Sources */,
				3F747E292343A0E300C43168 /* Frameworks */,
				3F747E2A2343A0E300C43168 /* Resources */,
			);
			buildRules = (
			);
			dependencies = (
				3F747E2E2343A0E300C43168 /* PBXTargetDependency */,
			);
			name = "Pushup TrackerTests";
			productName = "Pushup TrackerTests";
			productReference = 3F747E2C2343A0E300C43168 /* Pushup TrackerTests.xctest */;
			productType = "com.apple.product-type.bundle.unit-test";
		};
		3F747E362343A0E300C43168 /* Pushup TrackerUITests */ = {
			isa = PBXNativeTarget;
			buildConfigurationList = 3F747E462343A0E300C43168 /* Build configuration list for PBXNativeTarget "Pushup TrackerUITests" */;
			buildPhases = (
				3F747E332343A0E300C43168 /* Sources */,
				3F747E342343A0E300C43168 /* Frameworks */,
				3F747E352343A0E300C43168 /* Resources */,
			);
			buildRules = (
			);
			dependencies = (
				3F747E392343A0E300C43168 /* PBXTargetDependency */,
			);
			name = "Pushup TrackerUITests";
			productName = "Pushup TrackerUITests";
			productReference = 3F747E372343A0E300C43168 /* Pushup TrackerUITests.xctest */;
			productType = "com.apple.product-type.bundle.ui-testing";
		};
/* End PBXNativeTarget section */

/* Begin PBXProject section */
		3F747E0E2343A0DD00C43168 /* Project object */ = {
			isa = PBXProject;
			attributes = {
				LastSwiftUpdateCheck = 1100;
				LastUpgradeCheck = 1100;
				ORGANIZATIONNAME = Student;
				TargetAttributes = {
					3F747E152343A0DD00C43168 = {
						CreatedOnToolsVersion = 11.0;
					};
					3F747E2B2343A0E300C43168 = {
						CreatedOnToolsVersion = 11.0;
						TestTargetID = 3F747E152343A0DD00C43168;
					};
					3F747E362343A0E300C43168 = {
						CreatedOnToolsVersion = 11.0;
						TestTargetID = 3F747E152343A0DD00C43168;
					};
				};
			};
			buildConfigurationList = 3F747E112343A0DD00C43168 /* Build configuration list for PBXProject "Pushup Tracker" */;
			compatibilityVersion = "Xcode 9.3";
			developmentRegion = en;
			hasScannedForEncodings = 0;
			knownRegions = (
				en,
				Base,
			);
			mainGroup = 3F747E0D2343A0DD00C43168;
			productRefGroup = 3F747E172343A0DD00C43168 /* Products */;
			projectDirPath = "";
			projectRoot = "";
			targets = (
				3F747E152343A0DD00C43168 /* Pushup Tracker */,
				3F747E2B2343A0E300C43168 /* Pushup TrackerTests */,
				3F747E362343A0E300C43168 /* Pushup TrackerUITests */,
			);
		};
/* End PBXProject section */

/* Begin PBXResourcesBuildPhase section */
		3F747E142343A0DD00C43168 /* Resources */ = {
			isa = PBXResourcesBuildPhase;
			buildActionMask = 2147483647;
			files = (
				3F747E262343A0E200C43168 /* LaunchScreen.storyboard in Resources */,
				3F747E232343A0E200C43168 /* Assets.xcassets in Resources */,
				3F747E212343A0DD00C43168 /* Main.storyboard in Resources */,
			);
			runOnlyForDeploymentPostprocessing = 0;
		};
		3F747E2A2343A0E300C43168 /* Resources */ = {
			isa = PBXResourcesBuildPhase;
			buildActionMask = 2147483647;
			files = (
			);
			runOnlyForDeploymentPostprocessing = 0;
		};
		3F747E352343A0E300C43168 /* Resources */ = {
			isa = PBXResourcesBuildPhase;
			buildActionMask = 2147483647;
			files = (
			);
			runOnlyForDeploymentPostprocessing = 0;
		};
/* End PBXResourcesBuildPhase section */

/* Begin PBXSourcesBuildPhase section */
		3F747E122343A0DD00C43168 /* Sources */ = {
			isa = PBXSourcesBuildPhase;
			buildActionMask = 2147483647;
			files = (
				3F747E1E2343A0DD00C43168 /* ViewController.swift in Sources */,
				3F747E1A2343A0DD00C43168 /* AppDelegate.swift in Sources */,
				3F747E1C2343A0DD00C43168 /* SceneDelegate.swift in Sources */,
			);
			runOnlyForDeploymentPostprocessing = 0;
		};
		3F747E282343A0E300C43168 /* Sources */ = {
			isa = PBXSourcesBuildPhase;
			buildActionMask = 2147483647;
			files = (
				3F747E312343A0E300C43168 /* Pushup_TrackerTests.swift in Sources */,
			);
			runOnlyForDeploymentPostprocessing = 0;
		};
		3F747E332343A0E300C43168 /* Sources */ = {
			isa = PBXSourcesBuildPhase;
			buildActionMask = 2147483647;
			files = (
				3F747E3C2343A0E300C43168 /* Pushup_TrackerUITests.swift in Sources */,
			);
			runOnlyForDeploymentPostprocessing = 0;
		};
/* End PBXSourcesBuildPhase section */

/* Begin PBXTargetDependency section */
		3F747E2E2343A0E300C43168 /* PBXTargetDependency */ = {
			isa = PBXTargetDependency;
			target = 3F747E152343A0DD00C43168 /* Pushup Tracker */;
			targetProxy = 3F747E2D2343A0E300C43168 /* PBXContainerItemProxy */;
		};
		3F747E392343A0E300C43168 /* PBXTargetDependency */ = {
			isa = PBXTargetDependency;
			target = 3F747E152343A0DD00C43168 /* Pushup Tracker */;
			targetProxy = 3F747E382343A0E300C43168 /* PBXContainerItemProxy */;
		};
/* End PBXTargetDependency section */

/* Begin PBXVariantGroup section */
		3F747E1F2343A0DD00C43168 /* Main.storyboard */ = {
			isa = PBXVariantGroup;
			children = (
				3F747E202343A0DD00C43168 /* Base */,
			);
			name = Main.storyboard;
			sourceTree = "<group>";
		};
		3F747E242343A0E200C43168 /* LaunchScreen.storyboard */ = {
			isa = PBXVariantGroup;
			children = (
				3F747E252343A0E200C43168 /* Base */,
			);
			name = LaunchScreen.storyboard;
			sourceTree = "<group>";
		};
/* End PBXVariantGroup section */

/* Begin XCBuildConfiguration section */
		3F747E3E2343A0E300C43168 /* Debug */ = {
			isa = XCBuildConfiguration;
			buildSettings = {
				ALWAYS_SEARCH_USER_PATHS = NO;
				CLANG_ANALYZER_NONNULL = YES;
				CLANG_ANALYZER_NUMBER_OBJECT_CONVERSION = YES_AGGRESSIVE;
				CLANG_CXX_LANGUAGE_STANDARD = "gnu++14";
				CLANG_CXX_LIBRARY = "libc++";
				CLANG_ENABLE_MODULES = YES;
				CLANG_ENABLE_OBJC_ARC = YES;
				CLANG_ENABLE_OBJC_WEAK = YES;
				CLANG_WARN_BLOCK_CAPTURE_AUTORELEASING = YES;
				CLANG_WARN_BOOL_CONVERSION = YES;
				CLANG_WARN_COMMA = YES;
				CLANG_WARN_CONSTANT_CONVERSION = YES;
				CLANG_WARN_DEPRECATED_OBJC_IMPLEMENTATIONS = YES;
				CLANG_WARN_DIRECT_OBJC_ISA_USAGE = YES_ERROR;
				CLANG_WARN_DOCUMENTATION_COMMENTS = YES;
				CLANG_WARN_EMPTY_BODY = YES;
				CLANG_WARN_ENUM_CONVERSION = YES;
				CLANG_WARN_INFINITE_RECURSION = YES;
				CLANG_WARN_INT_CONVERSION = YES;
				CLANG_WARN_NON_LITERAL_NULL_CONVERSION = YES;
				CLANG_WARN_OBJC_IMPLICIT_RETAIN_SELF = YES;
				CLANG_WARN_OBJC_LITERAL_CONVERSION = YES;
				CLANG_WARN_OBJC_ROOT_CLASS = YES_ERROR;
				CLANG_WARN_RANGE_LOOP_ANALYSIS = YES;
				CLANG_WARN_STRICT_PROTOTYPES = YES;
				CLANG_WARN_SUSPICIOUS_MOVE = YES;
				CLANG_WARN_UNGUARDED_AVAILABILITY = YES_AGGRESSIVE;
				CLANG_WARN_UNREACHABLE_CODE = YES;
				CLANG_WARN__DUPLICATE_METHOD_MATCH = YES;
				COPY_PHASE_STRIP = NO;
				DEBUG_INFORMATION_FORMAT = dwarf;
				ENABLE_STRICT_OBJC_MSGSEND = YES;
				ENABLE_TESTABILITY = YES;
				GCC_C_LANGUAGE_STANDARD = gnu11;
				GCC_DYNAMIC_NO_PIC = NO;
				GCC_NO_COMMON_BLOCKS = YES;
				GCC_OPTIMIZATION_LEVEL = 0;
				GCC_PREPROCESSOR_DEFINITIONS = (
					"DEBUG=1",
					"$(inherited)",
				);
				GCC_WARN_64_TO_32_BIT_CONVERSION = YES;
				GCC_WARN_ABOUT_RETURN_TYPE = YES_ERROR;
				GCC_WARN_UNDECLARED_SELECTOR = YES;
				GCC_WARN_UNINITIALIZED_AUTOS = YES_AGGRESSIVE;
				GCC_WARN_UNUSED_FUNCTION = YES;
				GCC_WARN_UNUSED_VARIABLE = YES;
				IPHONEOS_DEPLOYMENT_TARGET = 13.0;
				MTL_ENABLE_DEBUG_INFO = INCLUDE_SOURCE;
				MTL_FAST_MATH = YES;
				ONLY_ACTIVE_ARCH = YES;
				SDKROOT = iphoneos;
				SWIFT_ACTIVE_COMPILATION_CONDITIONS = DEBUG;
				SWIFT_OPTIMIZATION_LEVEL = "-Onone";
			};
			name = Debug;
		};
		3F747E3F2343A0E300C43168 /* Release */ = {
			isa = XCBuildConfiguration;
			buildSettings = {
				ALWAYS_SEARCH_USER_PATHS = NO;
				CLANG_ANALYZER_NONNULL = YES;
				CLANG_ANALYZER_NUMBER_OBJECT_CONVERSION = YES_AGGRESSIVE;
				CLANG_CXX_LANGUAGE_STANDARD = "gnu++14";
				CLANG_CXX_LIBRARY = "libc++";
				CLANG_ENABLE_MODULES = YES;
				CLANG_ENABLE_OBJC_ARC = YES;
				CLANG_ENABLE_OBJC_WEAK = YES;
				CLANG_WARN_BLOCK_CAPTURE_AUTORELEASING = YES;
				CLANG_WARN_BOOL_CONVERSION = YES;
				CLANG_WARN_COMMA = YES;
				CLANG_WARN_CONSTANT_CONVERSION = YES;
				CLANG_WARN_DEPRECATED_OBJC_IMPLEMENTATIONS = YES;
				CLANG_WARN_DIRECT_OBJC_ISA_USAGE = YES_ERROR;
				CLANG_WARN_DOCUMENTATION_COMMENTS = YES;
				CLANG_WARN_EMPTY_BODY = YES;
				CLANG_WARN_ENUM_CONVERSION = YES;
				CLANG_WARN_INFINITE_RECURSION = YES;
				CLANG_WARN_INT_CONVERSION = YES;
				CLANG_WARN_NON_LITERAL_NULL_CONVERSION = YES;
				CLANG_WARN_OBJC_IMPLICIT_RETAIN_SELF = YES;
				CLANG_WARN_OBJC_LITERAL_CONVERSION = YES;
				CLANG_WARN_OBJC_ROOT_CLASS = YES_ERROR;
				CLANG_WARN_RANGE_LOOP_ANALYSIS = YES;
				CLANG_WARN_STRICT_PROTOTYPES = YES;
				CLANG_WARN_SUSPICIOUS_MOVE = YES;
				CLANG_WARN_UNGUARDED_AVAILABILITY = YES_AGGRESSIVE;
				CLANG_WARN_UNREACHABLE_CODE = YES;
				CLANG_WARN__DUPLICATE_METHOD_MATCH = YES;
				COPY_PHASE_STRIP = NO;
				DEBUG_INFORMATION_FORMAT = "dwarf-with-dsym";
				ENABLE_NS_ASSERTIONS = NO;
				ENABLE_STRICT_OBJC_MSGSEND = YES;
				GCC_C_LANGUAGE_STANDARD = gnu11;
				GCC_NO_COMMON_BLOCKS = YES;
				GCC_WARN_64_TO_32_BIT_CONVERSION = YES;
				GCC_WARN_ABOUT_RETURN_TYPE = YES_ERROR;
				GCC_WARN_UNDECLARED_SELECTOR = YES;
				GCC_WARN_UNINITIALIZED_AUTOS = YES_AGGRESSIVE;
				GCC_WARN_UNUSED_FUNCTION = YES;
				GCC_WARN_UNUSED_VARIABLE = YES;
				IPHONEOS_DEPLOYMENT_TARGET = 13.0;
				MTL_ENABLE_DEBUG_INFO = NO;
				MTL_FAST_MATH = YES;
				SDKROOT = iphoneos;
				SWIFT_COMPILATION_MODE = wholemodule;
				SWIFT_OPTIMIZATION_LEVEL = "-O";
				VALIDATE_PRODUCT = YES;
			};
			name = Release;
		};
		3F747E412343A0E300C43168 /* Debug */ = {
			isa = XCBuildConfiguration;
			buildSettings = {
				ASSETCATALOG_COMPILER_APPICON_NAME = AppIcon;
				CODE_SIGN_STYLE = Automatic;
				DEVELOPMENT_TEAM = G8J7C3G9ZA;
				INFOPLIST_FILE = "Pushup Tracker/Info.plist";
				LD_RUNPATH_SEARCH_PATHS = (
					"$(inherited)",
					"@executable_path/Frameworks",
				);
				PRODUCT_BUNDLE_IDENTIFIER = "jjstewart50.Pushup-Tracker";
				PRODUCT_NAME = "$(TARGET_NAME)";
				SWIFT_VERSION = 5.0;
				TARGETED_DEVICE_FAMILY = "1,2";
			};
			name = Debug;
		};
		3F747E422343A0E300C43168 /* Release */ = {
			isa = XCBuildConfiguration;
			buildSettings = {
				ASSETCATALOG_COMPILER_APPICON_NAME = AppIcon;
				CODE_SIGN_STYLE = Automatic;
				DEVELOPMENT_TEAM = G8J7C3G9ZA;
				INFOPLIST_FILE = "Pushup Tracker/Info.plist";
				LD_RUNPATH_SEARCH_PATHS = (
					"$(inherited)",
					"@executable_path/Frameworks",
				);
				PRODUCT_BUNDLE_IDENTIFIER = "jjstewart50.Pushup-Tracker";
				PRODUCT_NAME = "$(TARGET_NAME)";
				SWIFT_VERSION = 5.0;
				TARGETED_DEVICE_FAMILY = "1,2";
			};
			name = Release;
		};
		3F747E442343A0E300C43168 /* Debug */ = {
			isa = XCBuildConfiguration;
			buildSettings = {
				ALWAYS_EMBED_SWIFT_STANDARD_LIBRARIES = YES;
				BUNDLE_LOADER = "$(TEST_HOST)";
				CODE_SIGN_STYLE = Automatic;
				DEVELOPMENT_TEAM = G8J7C3G9ZA;
				INFOPLIST_FILE = "Pushup TrackerTests/Info.plist";
				IPHONEOS_DEPLOYMENT_TARGET = 13.0;
				LD_RUNPATH_SEARCH_PATHS = (
					"$(inherited)",
					"@executable_path/Frameworks",
					"@loader_path/Frameworks",
				);
				PRODUCT_BUNDLE_IDENTIFIER = "jjstewart50.Pushup-TrackerTests";
				PRODUCT_NAME = "$(TARGET_NAME)";
				SWIFT_VERSION = 5.0;
				TARGETED_DEVICE_FAMILY = "1,2";
				TEST_HOST = "$(BUILT_PRODUCTS_DIR)/Pushup Tracker.app/Pushup Tracker";
			};
			name = Debug;
		};
		3F747E452343A0E300C43168 /* Release */ = {
			isa = XCBuildConfiguration;
			buildSettings = {
				ALWAYS_EMBED_SWIFT_STANDARD_LIBRARIES = YES;
				BUNDLE_LOADER = "$(TEST_HOST)";
				CODE_SIGN_STYLE = Automatic;
				DEVELOPMENT_TEAM = G8J7C3G9ZA;
				INFOPLIST_FILE = "Pushup TrackerTests/Info.plist";
				IPHONEOS_DEPLOYMENT_TARGET = 13.0;
				LD_RUNPATH_SEARCH_PATHS = (
					"$(inherited)",
					"@executable_path/Frameworks",
					"@loader_path/Frameworks",
				);
				PRODUCT_BUNDLE_IDENTIFIER = "jjstewart50.Pushup-TrackerTests";
				PRODUCT_NAME = "$(TARGET_NAME)";
				SWIFT_VERSION = 5.0;
				TARGETED_DEVICE_FAMILY = "1,2";
				TEST_HOST = "$(BUILT_PRODUCTS_DIR)/Pushup Tracker.app/Pushup Tracker";
			};
			name = Release;
		};
		3F747E472343A0E300C43168 /* Debug */ = {
			isa = XCBuildConfiguration;
			buildSettings = {
				ALWAYS_EMBED_SWIFT_STANDARD_LIBRARIES = YES;
				CODE_SIGN_STYLE = Automatic;
				DEVELOPMENT_TEAM = G8J7C3G9ZA;
				INFOPLIST_FILE = "Pushup TrackerUITests/Info.plist";
				LD_RUNPATH_SEARCH_PATHS = (
					"$(inherited)",
					"@executable_path/Frameworks",
					"@loader_path/Frameworks",
				);
				PRODUCT_BUNDLE_IDENTIFIER = "jjstewart50.Pushup-TrackerUITests";
				PRODUCT_NAME = "$(TARGET_NAME)";
				SWIFT_VERSION = 5.0;
				TARGETED_DEVICE_FAMILY = "1,2";
				TEST_TARGET_NAME = "Pushup Tracker";
			};
			name = Debug;
		};
		3F747E482343A0E300C43168 /* Release */ = {
			isa = XCBuildConfiguration;
			buildSettings = {
				ALWAYS_EMBED_SWIFT_STANDARD_LIBRARIES = YES;
				CODE_SIGN_STYLE = Automatic;
				DEVELOPMENT_TEAM = G8J7C3G9ZA;
				INFOPLIST_FILE = "Pushup TrackerUITests/Info.plist";
				LD_RUNPATH_SEARCH_PATHS = (
					"$(inherited)",
					"@executable_path/Frameworks",
					"@loader_path/Frameworks",
				);
				PRODUCT_BUNDLE_IDENTIFIER = "jjstewart50.Pushup-TrackerUITests";
				PRODUCT_NAME = "$(TARGET_NAME)";
				SWIFT_VERSION = 5.0;
				TARGETED_DEVICE_FAMILY = "1,2";
				TEST_TARGET_NAME = "Pushup Tracker";
			};
			name = Release;
		};
/* End XCBuildConfiguration section */

/* Begin XCConfigurationList section */
		3F747E112343A0DD00C43168 /* Build configuration list for PBXProject "Pushup Tracker" */ = {
			isa = XCConfigurationList;
			buildConfigurations = (
				3F747E3E2343A0E300C43168 /* Debug */,
				3F747E3F2343A0E300C43168 /* Release */,
			);
			defaultConfigurationIsVisible = 0;
			defaultConfigurationName = Release;
		};
		3F747E402343A0E300C43168 /* Build configuration list for PBXNativeTarget "Pushup Tracker" */ = {
			isa = XCConfigurationList;
			buildConfigurations = (
				3F747E412343A0E300C43168 /* Debug */,
				3F747E422343A0E300C43168 /* Release */,
			);
			defaultConfigurationIsVisible = 0;
			defaultConfigurationName = Release;
		};
		3F747E432343A0E300C43168 /* Build configuration list for PBXNativeTarget "Pushup TrackerTests" */ = {
			isa = XCConfigurationList;
			buildConfigurations = (
				3F747E442343A0E300C43168 /* Debug */,
				3F747E452343A0E300C43168 /* Release */,
			);
			defaultConfigurationIsVisible = 0;
			defaultConfigurationName = Release;
		};
		3F747E462343A0E300C43168 /* Build configuration list for PBXNativeTarget "Pushup TrackerUITests" */ = {
			isa = XCConfigurationList;
			buildConfigurations = (
				3F747E472343A0E300C43168 /* Debug */,
				3F747E482343A0E300C43168 /* Release */,
			);
			defaultConfigurationIsVisible = 0;
			defaultConfigurationName = Release;
		};
/* End XCConfigurationList section */
	};
	rootObject = 3F747E0E2343A0DD00C43168 /* Project object */;
}
